
Microsoft Visual Studio Solution File, Format Version 12.00
# Visual Studio Version 17
VisualStudioVersion = 17.9.34607.119
MinimumVisualStudioVersion = 10.0.40219.1
Project("{9A19103F-16F7-4668-BE54-9A1E7A4F7556}") = "FarmFresh", "FarmFresh\FarmFresh.csproj", "{DE11FFC3-FA87-4FC0-B089-2E398B90D4C3}"
EndProject
Project("{2150E333-8FDC-42A3-9474-1A3956D46DE8}") = "Data", "Data", "{5213C99C-E96C-4CCC-9AE4-EF840BCADFF7}"
EndProject
Project("{2150E333-8FDC-42A3-9474-1A3956D46DE8}") = "Web", "Web", "{43D15C36-9B7A-4436-846A-540093F70365}"
EndProject
Project("{2150E333-8FDC-42A3-9474-1A3956D46DE8}") = "Repositories", "Repositories", "{2F300E77-FD96-43CD-BD0E-CC3DA96DA333}"
EndProject
Project("{2150E333-8FDC-42A3-9474-1A3956D46DE8}") = "Tests", "Tests", "{DF3B8AF5-3BB3-4F71-962C-A8BFA3050264}"
EndProject
Project("{9A19103F-16F7-4668-BE54-9A1E7A4F7556}") = "FarmFresh.Data", "FarmFresh.Data\FarmFresh.Data.csproj", "{E4E2E3C1-8870-4E09-8C10-08246B2BEBAD}"
EndProject
Project("{9A19103F-16F7-4668-BE54-9A1E7A4F7556}") = "FarmFresh.Data.Models", "FarmFresh.Data.Models\FarmFresh.Data.Models.csproj", "{F3587EA4-DE18-44D6-B541-23082089063A}"
EndProject
Project("{9A19103F-16F7-4668-BE54-9A1E7A4F7556}") = "FarmFresh.Commons", "FarmFresh.Commons\FarmFresh.Commons.csproj", "{D52B48E3-4EA6-4F2C-8927-89826B4A07C6}"
EndProject
Project("{9A19103F-16F7-4668-BE54-9A1E7A4F7556}") = "FarmFresh.Repositories", "FarmFresh.Repositories\FarmFresh.Repositories.csproj", "{860F9F6C-5686-4419-A375-D0293825B200}"
EndProject
Project("{2150E333-8FDC-42A3-9474-1A3956D46DE8}") = "Services", "Services", "{31083572-ACEB-423D-97E9-B869FDDA1282}"
EndProject
Project("{9A19103F-16F7-4668-BE54-9A1E7A4F7556}") = "FarmFresh.Services", "FarmFresh.Services\FarmFresh.Services.csproj", "{EB9E3380-0B32-4231-A4AC-615E5380669B}"
EndProject
Project("{9A19103F-16F7-4668-BE54-9A1E7A4F7556}") = "FarmFresh.Controllers", "FarmFresh.Controllers\FarmFresh.Controllers.csproj", "{A82A0BC9-8D9B-413E-8C9D-1B151F436768}"
EndProject
Project("{9A19103F-16F7-4668-BE54-9A1E7A4F7556}") = "FarmFresh.ViewModels", "FarmFresh.ViewModels\FarmFresh.ViewModels.csproj", "{A9BA0F77-4F1C-430B-920B-DB1B26F53D24}"
EndProject
Project("{9A19103F-16F7-4668-BE54-9A1E7A4F7556}") = "LoggerService", "LoggerService\LoggerService.csproj", "{6CDED5E6-B8A5-4DEE-BD45-087D16886707}"
EndProject
Project("{9A19103F-16F7-4668-BE54-9A1E7A4F7556}") = "FarmFresh.Infrastructure", "FarmFresh.Infrastructure\FarmFresh.Infrastructure.csproj", "{CBB39909-B82B-47F0-B52F-C803F0004C42}"
EndProject
Project("{9A19103F-16F7-4668-BE54-9A1E7A4F7556}") = "FarmFresh.Services.Contacts", "FarmFresh.Services.Contacts\FarmFresh.Services.Contacts.csproj", "{96B97C60-993A-408B-BF2C-810524453D76}"
EndProject
Global
	GlobalSection(SolutionConfigurationPlatforms) = preSolution
		Debug|Any CPU = Debug|Any CPU
		Release|Any CPU = Release|Any CPU
	EndGlobalSection
	GlobalSection(ProjectConfigurationPlatforms) = postSolution
		{DE11FFC3-FA87-4FC0-B089-2E398B90D4C3}.Debug|Any CPU.ActiveCfg = Debug|Any CPU
		{DE11FFC3-FA87-4FC0-B089-2E398B90D4C3}.Debug|Any CPU.Build.0 = Debug|Any CPU
		{DE11FFC3-FA87-4FC0-B089-2E398B90D4C3}.Release|Any CPU.ActiveCfg = Release|Any CPU
		{DE11FFC3-FA87-4FC0-B089-2E398B90D4C3}.Release|Any CPU.Build.0 = Release|Any CPU
		{E4E2E3C1-8870-4E09-8C10-08246B2BEBAD}.Debug|Any CPU.ActiveCfg = Debug|Any CPU
		{E4E2E3C1-8870-4E09-8C10-08246B2BEBAD}.Debug|Any CPU.Build.0 = Debug|Any CPU
		{E4E2E3C1-8870-4E09-8C10-08246B2BEBAD}.Release|Any CPU.ActiveCfg = Release|Any CPU
		{E4E2E3C1-8870-4E09-8C10-08246B2BEBAD}.Release|Any CPU.Build.0 = Release|Any CPU
		{F3587EA4-DE18-44D6-B541-23082089063A}.Debug|Any CPU.ActiveCfg = Debug|Any CPU
		{F3587EA4-DE18-44D6-B541-23082089063A}.Debug|Any CPU.Build.0 = Debug|Any CPU
		{F3587EA4-DE18-44D6-B541-23082089063A}.Release|Any CPU.ActiveCfg = Release|Any CPU
		{F3587EA4-DE18-44D6-B541-23082089063A}.Release|Any CPU.Build.0 = Release|Any CPU
		{D52B48E3-4EA6-4F2C-8927-89826B4A07C6}.Debug|Any CPU.ActiveCfg = Debug|Any CPU
		{D52B48E3-4EA6-4F2C-8927-89826B4A07C6}.Debug|Any CPU.Build.0 = Debug|Any CPU
		{D52B48E3-4EA6-4F2C-8927-89826B4A07C6}.Release|Any CPU.ActiveCfg = Release|Any CPU
		{D52B48E3-4EA6-4F2C-8927-89826B4A07C6}.Release|Any CPU.Build.0 = Release|Any CPU
		{860F9F6C-5686-4419-A375-D0293825B200}.Debug|Any CPU.ActiveCfg = Debug|Any CPU
		{860F9F6C-5686-4419-A375-D0293825B200}.Debug|Any CPU.Build.0 = Debug|Any CPU
		{860F9F6C-5686-4419-A375-D0293825B200}.Release|Any CPU.ActiveCfg = Release|Any CPU
		{860F9F6C-5686-4419-A375-D0293825B200}.Release|Any CPU.Build.0 = Release|Any CPU
		{EB9E3380-0B32-4231-A4AC-615E5380669B}.Debug|Any CPU.ActiveCfg = Debug|Any CPU
		{EB9E3380-0B32-4231-A4AC-615E5380669B}.Debug|Any CPU.Build.0 = Debug|Any CPU
		{EB9E3380-0B32-4231-A4AC-615E5380669B}.Release|Any CPU.ActiveCfg = Release|Any CPU
		{EB9E3380-0B32-4231-A4AC-615E5380669B}.Release|Any CPU.Build.0 = Release|Any CPU
		{A82A0BC9-8D9B-413E-8C9D-1B151F436768}.Debug|Any CPU.ActiveCfg = Debug|Any CPU
		{A82A0BC9-8D9B-413E-8C9D-1B151F436768}.Debug|Any CPU.Build.0 = Debug|Any CPU
		{A82A0BC9-8D9B-413E-8C9D-1B151F436768}.Release|Any CPU.ActiveCfg = Release|Any CPU
		{A82A0BC9-8D9B-413E-8C9D-1B151F436768}.Release|Any CPU.Build.0 = Release|Any CPU
		{A9BA0F77-4F1C-430B-920B-DB1B26F53D24}.Debug|Any CPU.ActiveCfg = Debug|Any CPU
		{A9BA0F77-4F1C-430B-920B-DB1B26F53D24}.Debug|Any CPU.Build.0 = Debug|Any CPU
		{A9BA0F77-4F1C-430B-920B-DB1B26F53D24}.Release|Any CPU.ActiveCfg = Release|Any CPU
		{A9BA0F77-4F1C-430B-920B-DB1B26F53D24}.Release|Any CPU.Build.0 = Release|Any CPU
		{6CDED5E6-B8A5-4DEE-BD45-087D16886707}.Debug|Any CPU.ActiveCfg = Debug|Any CPU
		{6CDED5E6-B8A5-4DEE-BD45-087D16886707}.Debug|Any CPU.Build.0 = Debug|Any CPU
		{6CDED5E6-B8A5-4DEE-BD45-087D16886707}.Release|Any CPU.ActiveCfg = Release|Any CPU
		{6CDED5E6-B8A5-4DEE-BD45-087D16886707}.Release|Any CPU.Build.0 = Release|Any CPU
		{CBB39909-B82B-47F0-B52F-C803F0004C42}.Debug|Any CPU.ActiveCfg = Debug|Any CPU
		{CBB39909-B82B-47F0-B52F-C803F0004C42}.Debug|Any CPU.Build.0 = Debug|Any CPU
		{CBB39909-B82B-47F0-B52F-C803F0004C42}.Release|Any CPU.ActiveCfg = Release|Any CPU
		{CBB39909-B82B-47F0-B52F-C803F0004C42}.Release|Any CPU.Build.0 = Release|Any CPU
		{96B97C60-993A-408B-BF2C-810524453D76}.Debug|Any CPU.ActiveCfg = Debug|Any CPU
		{96B97C60-993A-408B-BF2C-810524453D76}.Debug|Any CPU.Build.0 = Debug|Any CPU
		{96B97C60-993A-408B-BF2C-810524453D76}.Release|Any CPU.ActiveCfg = Release|Any CPU
		{96B97C60-993A-408B-BF2C-810524453D76}.Release|Any CPU.Build.0 = Release|Any CPU
	EndGlobalSection
	GlobalSection(SolutionProperties) = preSolution
		HideSolutionNode = FALSE
	EndGlobalSection
	GlobalSection(NestedProjects) = preSolution
		{DE11FFC3-FA87-4FC0-B089-2E398B90D4C3} = {43D15C36-9B7A-4436-846A-540093F70365}
		{E4E2E3C1-8870-4E09-8C10-08246B2BEBAD} = {5213C99C-E96C-4CCC-9AE4-EF840BCADFF7}
		{F3587EA4-DE18-44D6-B541-23082089063A} = {5213C99C-E96C-4CCC-9AE4-EF840BCADFF7}
		{860F9F6C-5686-4419-A375-D0293825B200} = {2F300E77-FD96-43CD-BD0E-CC3DA96DA333}
		{EB9E3380-0B32-4231-A4AC-615E5380669B} = {31083572-ACEB-423D-97E9-B869FDDA1282}
		{A82A0BC9-8D9B-413E-8C9D-1B151F436768} = {43D15C36-9B7A-4436-846A-540093F70365}
		{A9BA0F77-4F1C-430B-920B-DB1B26F53D24} = {43D15C36-9B7A-4436-846A-540093F70365}
		{6CDED5E6-B8A5-4DEE-BD45-087D16886707} = {31083572-ACEB-423D-97E9-B869FDDA1282}
		{CBB39909-B82B-47F0-B52F-C803F0004C42} = {43D15C36-9B7A-4436-846A-540093F70365}
		{96B97C60-993A-408B-BF2C-810524453D76} = {31083572-ACEB-423D-97E9-B869FDDA1282}
	EndGlobalSection
	GlobalSection(ExtensibilityGlobals) = postSolution
		SolutionGuid = {4E4DE5A0-6A58-4B3E-BBE5-DB6D880460A5}
	EndGlobalSection
EndGlobal
